
Microsoft Visual Studio Solution File, Format Version 12.00
# Visual Studio Version 16
VisualStudioVersion = 16.0.31729.503
MinimumVisualStudioVersion = 10.0.40219.1
Project("{FAE04EC0-301F-11D3-BF4B-00C04F79EFBC}") = "WPFUI", "WPFUI.csproj", "{C325494B-F050-4137-A7BE-F52393D2A1A8}"
EndProject
Global
	GlobalSection(SolutionConfigurationPlatforms) = preSolution
		Debug|Any CPU = Debug|Any CPU
		Release|Any CPU = Release|Any CPU
	EndGlobalSection
	GlobalSection(ProjectConfigurationPlatforms) = postSolution
		{C325494B-F050-4137-A7BE-F52393D2A1A8}.Debug|Any CPU.ActiveCfg = Debug|Any CPU
		{C325494B-F050-4137-A7BE-F52393D2A1A8}.Debug|Any CPU.Build.0 = Debug|Any CPU
		{C325494B-F050-4137-A7BE-F52393D2A1A8}.Release|Any CPU.ActiveCfg = Release|Any CPU
		{C325494B-F050-4137-A7BE-F52393D2A1A8}.Release|Any CPU.Build.0 = Release|Any CPU
	EndGlobalSection
	GlobalSection(SolutionProperties) = preSolution
		HideSolutionNode = FALSE
	EndGlobalSection
	GlobalSection(ExtensibilityGlobals) = postSolution
		SolutionGuid = {23C7B9F9-F3F6-493B-909E-A91F74E10672}
	EndGlobalSection
EndGlobal
